// !$*UTF8*$!
{
	archiveVersion = 1;
	classes = {
	};
	objectVersion = 54;
	objects = {

/* Begin PBXAggregateTarget section */
		33CC111A2044C6BA0003C045 /* Flutter Assemble */ = {
			isa = PBXAggregateTarget;
			buildConfigurationList = 33CC111B2044C6BA0003C045 /* Build configuration list for PBXAggregateTarget "Flutter Assemble" */;
			buildPhases = (
				33CC111E2044C6BF0003C045 /* ShellScript */,
			);
			dependencies = (
			);
			name = "Flutter Assemble";
			productName = FLX;
		};
/* End PBXAggregateTarget section */

/* Begin PBXBuildFile section */
		331C80F1294CF70F00263BE5 /* AppDelegate.swift in Sources */ = {isa = PBXBuildFile; fileRef = 331C80ED294CF70F00263BE5 /* AppDelegate.swift */; };
		331C80F2294CF70F00263BE5 /* MainFlutterWindow.swift in Sources */ = {isa = PBXBuildFile; fileRef = 331C80EE294CF70F00263BE5 /* MainFlutterWindow.swift */; };
		331C80F3294CF70F00263BE5 /* MainMenu.xib in Resources */ = {isa = PBXBuildFile; fileRef = 331C80EF294CF70F00263BE5 /* MainMenu.xib */; };
		7A2B4C6D5E8F901122334455 /* Assets.xcassets in Resources */ = {isa = PBXBuildFile; fileRef = 7A2B4C6D5E8F901122334456 /* Assets.xcassets */; };
		335BBD1B22A9A15E00E9071D /* GeneratedPluginRegistrant.swift in Sources */ = {isa = PBXBuildFile; fileRef = 335BBD1A22A9A15E00E9071D /* GeneratedPluginRegistrant.swift */; };
		5A6C744EF02907D61B66D3F2 /* Pods_Runner.framework in Frameworks */ = {isa = PBXBuildFile; fileRef = 7D00F4B0E855C614A7F2E9EA /* Pods_Runner.framework */; };
/* End PBXBuildFile section */

/* Begin PBXContainerItemProxy section */
		33CC111F2044C79F0003C045 /* PBXContainerItemProxy */ = {
			isa = PBXContainerItemProxy;
			containerPortal = 331C80D6294CF70F00263BE5 /* Project object */;
			proxyType = 1;
			remoteGlobalIDString = 33CC111A2044C6BA0003C045;
			remoteInfo = FLX;
		};
		684D006A2FB25678004E6733 /* PBXContainerItemProxy */ = {
			isa = PBXContainerItemProxy;
			containerPortal = 8F7E6D5C4B3A291817161514 /* Pods.xcodeproj */;
			proxyType = 2;
			remoteGlobalIDString = C2A19B351EE3987102FF0AA4CD33F175;
			remoteInfo = file_selector_macos;
		};
		684D006C2FB25678004E6733 /* PBXContainerItemProxy */ = {
			isa = PBXContainerItemProxy;
			containerPortal = 8F7E6D5C4B3A291817161514 /* Pods.xcodeproj */;
			proxyType = 2;
			remoteGlobalIDString = B52BE94845C16778C6788595A182BE8D;
			remoteInfo = "file_selector_macos-file_selector_macos_privacy";
		};
		684D006E2FB25678004E6733 /* PBXContainerItemProxy */ = {
			isa = PBXContainerItemProxy;
			containerPortal = 8F7E6D5C4B3A291817161514 /* Pods.xcodeproj */;
			proxyType = 2;
			remoteGlobalIDString = 669E8F25E1897672BDB80B7EB784DA24;
			remoteInfo = "Pods-Runner";
		};
		9F8E7D6C5B4A392817161514 /* PBXContainerItemProxy */ = {
			isa = PBXContainerItemProxy;
			containerPortal = 8F7E6D5C4B3A291817161514 /* Pods.xcodeproj */;
			proxyType = 1;
			remoteGlobalIDString = 8B74B458B450D74B75744B87BD747314;
			remoteInfo = "Pods-Runner";
		};
/* End PBXContainerItemProxy section */

/* Begin PBXCopyFilesBuildPhase section */
		33CC110E2044A8840003C045 /* Bundle Framework */ = {
			isa = PBXCopyFilesBuildPhase;
			buildActionMask = 2147483647;
			dstPath = "";
			dstSubfolderSpec = 10;
			files = (
			);
			name = "Bundle Framework";
			runOnlyForDeploymentPostprocessing = 0;
		};
/* End PBXCopyFilesBuildPhase section */

/* Begin PBXFileReference section */
		331C80D5294CF70F00263BE5 /* KidMemory.app */ = {isa = PBXFileReference; explicitFileType = wrapper.application; includeInIndex = 0; path = KidMemory.app; sourceTree = BUILT_PRODUCTS_DIR; };
		331C80ED294CF70F00263BE5 /* AppDelegate.swift */ = {isa = PBXFileReference; lastKnownFileType = sourcecode.swift; path = AppDelegate.swift; sourceTree = "<group>"; };
		331C80EE294CF70F00263BE5 /* MainFlutterWindow.swift */ = {isa = PBXFileReference; lastKnownFileType = sourcecode.swift; path = MainFlutterWindow.swift; sourceTree = "<group>"; };
		331C80EF294CF70F00263BE5 /* MainMenu.xib */ = {isa = PBXFileReference; lastKnownFileType = file.xib; path = Base.lproj/MainMenu.xib; sourceTree = "<group>"; };
		331C80F0294CF70F00263BE5 /* Info.plist */ = {isa = PBXFileReference; lastKnownFileType = text.plist.xml; path = Info.plist; sourceTree = "<group>"; };
		7A2B4C6D5E8F901122334456 /* Assets.xcassets */ = {isa = PBXFileReference; lastKnownFileType = folder.assetcatalog; path = Assets.xcassets; sourceTree = "<group>"; };
		331C80F4294CF70F00263BE5 /* Debug.xcconfig */ = {isa = PBXFileReference; lastKnownFileType = text.xcconfig; path = Debug.xcconfig; sourceTree = "<group>"; };
		331C80F5294CF70F00263BE5 /* Release.xcconfig */ = {isa = PBXFileReference; lastKnownFileType = text.xcconfig; path = Release.xcconfig; sourceTree = "<group>"; };
		335BBD1A22A9A15E00E9071D /* GeneratedPluginRegistrant.swift */ = {isa = PBXFileReference; lastKnownFileType = sourcecode.swift; path = GeneratedPluginRegistrant.swift; sourceTree = "<group>"; };
		7D00F4B0E855C614A7F2E9EA /* Pods_Runner.framework */ = {isa = PBXFileReference; explicitFileType = wrapper.framework; includeInIndex = 0; path = Pods_Runner.framework; sourceTree = BUILT_PRODUCTS_DIR; };
		8F7E6D5C4B3A291817161514 /* Pods */ = {isa = PBXFileReference; lastKnownFileType = "wrapper.pb-project"; name = Pods; path = Pods/Pods.xcodeproj; sourceTree = SOURCE_ROOT; };
		EDFBB1A3C4A4FFD4841D9D3B /* Pods-Runner.debug.xcconfig */ = {isa = PBXFileReference; includeInIndex = 1; lastKnownFileType = text.xcconfig; name = "Pods-Runner.debug.xcconfig"; path = "Target Support Files/Pods-Runner/Pods-Runner.debug.xcconfig"; sourceTree = "<group>"; };
		F99E9710B40CDA6100FF0AFC /* Pods-Runner.release.xcconfig */ = {isa = PBXFileReference; includeInIndex = 1; lastKnownFileType = text.xcconfig; name = "Pods-Runner.release.xcconfig"; path = "Target Support Files/Pods-Runner/Pods-Runner.release.xcconfig"; sourceTree = "<group>"; };
/* End PBXFileReference section */

/* Begin PBXFrameworksBuildPhase section */
		331C80D2294CF70F00263BE5 /* Frameworks */ = {
			isa = PBXFrameworksBuildPhase;
			buildActionMask = 2147483647;
			files = (
				5A6C744EF02907D61B66D3F2 /* Pods_Runner.framework in Frameworks */,
			);
			runOnlyForDeploymentPostprocessing = 0;
		};
/* End PBXFrameworksBuildPhase section */

/* Begin PBXGroup section */
		0BAAA0ABD6E4D25A7BEC9AF9 /* Pods */ = {
			isa = PBXGroup;
			children = (
				8F7E6D5C4B3A291817161514 /* Pods */,
				EDFBB1A3C4A4FFD4841D9D3B /* Pods-Runner.debug.xcconfig */,
				F99E9710B40CDA6100FF0AFC /* Pods-Runner.release.xcconfig */,
			);
			path = Pods;
			sourceTree = "<group>";
		};
		331C80D7294CF70F00263BE5 = {
			isa = PBXGroup;
			children = (
				331C80EC294CF70F00263BE5 /* Runner */,
				33CEB47122A05771004F2AC0 /* Flutter */,
				331C80F6294CF70F00263BE5 /* Configs */,
				331C80D8294CF70F00263BE5 /* Products */,
				0BAAA0ABD6E4D25A7BEC9AF9 /* Pods */,
				539D54FBDA1FA25E230279DF /* Frameworks */,
			);
			sourceTree = "<group>";
		};
		331C80D8294CF70F00263BE5 /* Products */ = {
			isa = PBXGroup;
			children = (
				331C80D5294CF70F00263BE5 /* KidMemory.app */,
			);
			name = Products;
			sourceTree = "<group>";
		};
		331C80EC294CF70F00263BE5 /* Runner */ = {
			isa = PBXGroup;
			children = (
				7A2B4C6D5E8F901122334456 /* Assets.xcassets */,
				331C80ED294CF70F00263BE5 /* AppDelegate.swift */,
				331C80EE294CF70F00263BE5 /* MainFlutterWindow.swift */,
				331C80EF294CF70F00263BE5 /* MainMenu.xib */,
				331C80F0294CF70F00263BE5 /* Info.plist */,
			);
			path = Runner;
			sourceTree = "<group>";
		};
		331C80F6294CF70F00263BE5 /* Configs */ = {
			isa = PBXGroup;
			children = (
				331C80F4294CF70F00263BE5 /* Debug.xcconfig */,
				331C80F5294CF70F00263BE5 /* Release.xcconfig */,
			);
			path = Runner/Configs;
			sourceTree = "<group>";
		};
		33CEB47122A05771004F2AC0 /* Flutter */ = {
			isa = PBXGroup;
			children = (
				335BBD1A22A9A15E00E9071D /* GeneratedPluginRegistrant.swift */,
			);
			path = Flutter;
			sourceTree = "<group>";
		};
		539D54FBDA1FA25E230279DF /* Frameworks */ = {
			isa = PBXGroup;
			children = (
				7D00F4B0E855C614A7F2E9EA /* Pods_Runner.framework */,
			);
			name = Frameworks;
			sourceTree = "<group>";
		};
		684D00642FB25677004E6733 /* Products */ = {
			isa = PBXGroup;
			children = (
				684D006B2FB25678004E6733 /* file_selector_macos.framework */,
				684D006D2FB25678004E6733 /* file_selector_macos_privacy.bundle */,
				684D006F2FB25678004E6733 /* Pods_Runner.framework */,
			);
			name = Products;
			sourceTree = "<group>";
		};
/* End PBXGroup section */

/* Begin PBXNativeTarget section */
		331C80D4294CF70F00263BE5 /* Runner */ = {
			isa = PBXNativeTarget;
			buildConfigurationList = 331C80E1294CF70F00263BE5 /* Build configuration list for PBXNativeTarget "Runner" */;
			buildPhases = (
				D17A32F7DADC4EC456DCA194 /* [CP] Check Pods Manifest.lock */,
				331C80D1294CF70F00263BE5 /* Sources */,
				331C80D2294CF70F00263BE5 /* Frameworks */,
				331C80D3294CF70F00263BE5 /* Resources */,
				33CC110E2044A8840003C045 /* Bundle Framework */,
				3399D490228B24CF009A79C7 /* ShellScript */,
				4D810CE9EF393C173D16A030 /* [CP] Embed Pods Frameworks */,
				B5E4D3C2B1A0091827364556 /* Bundle Sidecar */,
			);
			buildRules = (
			);
			dependencies = (
				A1B2C3D4E5F60718293A4B5D /* PBXTargetDependency */,
				33CC11202044C79F0003C045 /* PBXTargetDependency */,
			);
			name = Runner;
			productName = Runner;
			productReference = 331C80D5294CF70F00263BE5 /* KidMemory.app */;
			productType = "com.apple.product-type.application";
		};
/* End PBXNativeTarget section */

/* Begin PBXProject section */
		331C80D6294CF70F00263BE5 /* Project object */ = {
			isa = PBXProject;
			attributes = {
				LastSwiftUpdateCheck = 1500;
				LastUpgradeCheck = 1510;
				ORGANIZATIONNAME = KidMemory;
				TargetAttributes = {
					331C80D4294CF70F00263BE5 = {
						CreatedOnToolsVersion = 15.0;
					};
				};
			};
			buildConfigurationList = 331C80D9294CF70F00263BE5 /* Build configuration list for PBXProject "Runner" */;
			compatibilityVersion = "Xcode 14.0";
			developmentRegion = en;
			hasScannedForEncodings = 0;
			knownRegions = (
				en,
				Base,
			);
			mainGroup = 331C80D7294CF70F00263BE5;
			productRefGroup = 331C80D8294CF70F00263BE5 /* Products */;
			projectDirPath = "";
			projectReferences = (
				{
					ProductGroup = 684D00642FB25677004E6733 /* Products */;
					ProjectRef = 8F7E6D5C4B3A291817161514 /* Pods */;
				},
			);
			projectRoot = "";
			targets = (
				331C80D4294CF70F00263BE5 /* Runner */,
				33CC111A2044C6BA0003C045 /* Flutter Assemble */,
			);
		};
/* End PBXProject section */

/* Begin PBXReferenceProxy section */
		684D006B2FB25678004E6733 /* file_selector_macos.framework */ = {
			isa = PBXReferenceProxy;
			fileType = wrapper.framework;
			path = file_selector_macos.framework;
			remoteRef = 684D006A2FB25678004E6733 /* PBXContainerItemProxy */;
			sourceTree = BUILT_PRODUCTS_DIR;
		};
		684D006D2FB25678004E6733 /* file_selector_macos_privacy.bundle */ = {
			isa = PBXReferenceProxy;
			fileType = wrapper.cfbundle;
			path = file_selector_macos_privacy.bundle;
			remoteRef = 684D006C2FB25678004E6733 /* PBXContainerItemProxy */;
			sourceTree = BUILT_PRODUCTS_DIR;
		};
		684D006F2FB25678004E6733 /* Pods_Runner.framework */ = {
			isa = PBXReferenceProxy;
			fileType = wrapper.framework;
			path = Pods_Runner.framework;
			remoteRef = 684D006E2FB25678004E6733 /* PBXContainerItemProxy */;
			sourceTree = BUILT_PRODUCTS_DIR;
		};
/* End PBXReferenceProxy section */

/* Begin PBXResourcesBuildPhase section */
		331C80D3294CF70F00263BE5 /* Resources */ = {
			isa = PBXResourcesBuildPhase;
			buildActionMask = 2147483647;
			files = (
				7A2B4C6D5E8F901122334455 /* Assets.xcassets in Resources */,
				331C80F3294CF70F00263BE5 /* MainMenu.xib in Resources */,
			);
			runOnlyForDeploymentPostprocessing = 0;
		};
/* End PBXResourcesBuildPhase section */

/* Begin PBXShellScriptBuildPhase section */
		3399D490228B24CF009A79C7 /* ShellScript */ = {
			isa = PBXShellScriptBuildPhase;
			buildActionMask = 2147483647;
			files = (
			);
			inputFileListPaths = (
			);
			inputPaths = (
			);
			outputFileListPaths = (
			);
			outputPaths = (
				"$(TARGET_BUILD_DIR)/$(WRAPPER_NAME)/Contents/Frameworks/App.framework",
				"$(TARGET_BUILD_DIR)/$(WRAPPER_NAME)/Contents/Frameworks/FlutterMacOS.framework",
			);
			runOnlyForDeploymentPostprocessing = 0;
			shellPath = /bin/sh;
			shellScript = "echo \"$PRODUCT_NAME.app\" > \"$PROJECT_DIR\"/Flutter/ephemeral/.app_filename && \"$FLUTTER_ROOT\"/packages/flutter_tools/bin/macos_assemble.sh embed\n";
		};
		33CC111E2044C6BF0003C045 /* ShellScript */ = {
			isa = PBXShellScriptBuildPhase;
			buildActionMask = 2147483647;
			files = (
			);
			inputFileListPaths = (
				Flutter/ephemeral/FlutterInputs.xcfilelist,
			);
			inputPaths = (
				Flutter/ephemeral/tripwire,
			);
			outputFileListPaths = (
				Flutter/ephemeral/FlutterOutputs.xcfilelist,
			);
			outputPaths = (
			);
			runOnlyForDeploymentPostprocessing = 0;
			shellPath = /bin/sh;
			shellScript = "\"$FLUTTER_ROOT\"/packages/flutter_tools/bin/macos_assemble.sh && touch Flutter/ephemeral/tripwire";
		};
		4D810CE9EF393C173D16A030 /* [CP] Embed Pods Frameworks */ = {
			isa = PBXShellScriptBuildPhase;
			buildActionMask = 2147483647;
			files = (
			);
			inputFileListPaths = (
				"${PODS_ROOT}/Target Support Files/Pods-Runner/Pods-Runner-frameworks-${CONFIGURATION}-input-files.xcfilelist",
			);
			name = "[CP] Embed Pods Frameworks";
			outputFileListPaths = (
				"${PODS_ROOT}/Target Support Files/Pods-Runner/Pods-Runner-frameworks-${CONFIGURATION}-output-files.xcfilelist",
			);
			runOnlyForDeploymentPostprocessing = 0;
			shellPath = /bin/sh;
			shellScript = "\"${PODS_ROOT}/Target Support Files/Pods-Runner/Pods-Runner-frameworks.sh\"\n";
			showEnvVarsInLog = 0;
		};
		D17A32F7DADC4EC456DCA194 /* [CP] Check Pods Manifest.lock */ = {
			isa = PBXShellScriptBuildPhase;
			buildActionMask = 2147483647;
			files = (
			);
			inputFileListPaths = (
			);
			inputPaths = (
				"${PODS_PODFILE_DIR_PATH}/Podfile.lock",
				"${PODS_ROOT}/Manifest.lock",
			);
			name = "[CP] Check Pods Manifest.lock";
			outputFileListPaths = (
			);
			outputPaths = (
				"$(DERIVED_FILE_DIR)/Pods-Runner-checkManifestLockResult.txt",
			);
			runOnlyForDeploymentPostprocessing = 0;
			shellPath = /bin/sh;
			shellScript = "diff \"${PODS_PODFILE_DIR_PATH}/Podfile.lock\" \"${PODS_ROOT}/Manifest.lock\" > /dev/null\nif [ $? != 0 ] ; then\n    # print error to STDERR\n    echo \"error: The sandbox is not in sync with the Podfile.lock. Run 'pod install' or update your CocoaPods installation.\" >&2\n    exit 1\nfi\n# This output is used by Xcode 'outputs' to avoid re-running this script phase.\necho \"SUCCESS\" > \"${SCRIPT_OUTPUT_FILE_0}\"\n";
			showEnvVarsInLog = 0;
		};
		B5E4D3C2B1A0091827364556 /* Bundle Sidecar */ = {
			isa = PBXShellScriptBuildPhase;
			buildActionMask = 2147483647;
			files = (
			);
			inputFileListPaths = (
			);
			inputPaths = (
				"${SRCROOT}/Scripts/bundle-sidecar-for-release.sh",
				"${SRCROOT}/../../backend/package.json",
				"${SRCROOT}/../../backend/package-lock.json",
				"${SRCROOT}/../../backend/src",
				"${SRCROOT}/../../backend/prisma",
				"${SRCROOT}/../../../examples/sample-dataset",
			);
			name = "Bundle Sidecar";
			outputFileListPaths = (
			);
			outputPaths = (
				"$(DERIVED_FILE_DIR)/bundle-sidecar-$(CONFIGURATION).stamp",
			);
			runOnlyForDeploymentPostprocessing = 0;
			shellPath = /bin/bash;
			shellScript = "bash \"${SRCROOT}/Scripts/bundle-sidecar-for-release.sh\"\n";
		};
/* End PBXShellScriptBuildPhase section */

/* Begin PBXSourcesBuildPhase section */
		331C80D1294CF70F00263BE5 /* Sources */ = {
			isa = PBXSourcesBuildPhase;
			buildActionMask = 2147483647;
			files = (
				335BBD1B22A9A15E00E9071D /* GeneratedPluginRegistrant.swift in Sources */,
				331C80F1294CF70F00263BE5 /* AppDelegate.swift in Sources */,
				331C80F2294CF70F00263BE5 /* MainFlutterWindow.swift in Sources */,
			);
			runOnlyForDeploymentPostprocessing = 0;
		};
/* End PBXSourcesBuildPhase section */

/* Begin PBXTargetDependency section */
		33CC11202044C79F0003C045 /* PBXTargetDependency */ = {
			isa = PBXTargetDependency;
			target = 33CC111A2044C6BA0003C045 /* Flutter Assemble */;
			targetProxy = 33CC111F2044C79F0003C045 /* PBXContainerItemProxy */;
		};
		A1B2C3D4E5F60718293A4B5D /* PBXTargetDependency */ = {
			isa = PBXTargetDependency;
			targetProxy = 9F8E7D6C5B4A392817161514 /* PBXContainerItemProxy */;
		};
/* End PBXTargetDependency section */

/* Begin XCBuildConfiguration section */
		331C80DA294CF70F00263BE5 /* Debug */ = {
			isa = XCBuildConfiguration;
			baseConfigurationReference = 331C80F4294CF70F00263BE5 /* Debug.xcconfig */;
			buildSettings = {
				ALWAYS_SEARCH_USER_PATHS = NO;
				APP_SHORTCUTS_ENABLE_FLEXIBLE_MATCHING = NO;
				ENABLE_APP_INTENTS_METADATA_GENERATION = NO;
				MACOSX_DEPLOYMENT_TARGET = 10.15;
				OTHER_LDFLAGS = "$(inherited) -weak_framework AppIntents";
				SWIFT_VERSION = 5.0;
			};
			name = Debug;
		};
		331C80DB294CF70F00263BE5 /* Release */ = {
			isa = XCBuildConfiguration;
			baseConfigurationReference = 331C80F5294CF70F00263BE5 /* Release.xcconfig */;
			buildSettings = {
				ALWAYS_SEARCH_USER_PATHS = NO;
				APP_SHORTCUTS_ENABLE_FLEXIBLE_MATCHING = NO;
				ENABLE_APP_INTENTS_METADATA_GENERATION = NO;
				MACOSX_DEPLOYMENT_TARGET = 10.15;
				OTHER_LDFLAGS = "$(inherited) -weak_framework AppIntents";
				SWIFT_VERSION = 5.0;
			};
			name = Release;
		};
		331C80E2294CF70F00263BE5 /* Debug */ = {
			isa = XCBuildConfiguration;
			baseConfigurationReference = 331C80F4294CF70F00263BE5 /* Debug.xcconfig */;
			buildSettings = {
				ALWAYS_SEARCH_USER_PATHS = NO;
				APP_SHORTCUTS_ENABLE_FLEXIBLE_MATCHING = NO;
				ASSETCATALOG_COMPILER_APPICON_NAME = AppIcon;
				CODE_SIGN_ENTITLEMENTS = Runner/DebugProfile.entitlements;
				ENABLE_APP_INTENTS_METADATA_GENERATION = NO;
				INFOPLIST_FILE = Runner/Info.plist;
				OTHER_LDFLAGS = "$(inherited) -weak_framework AppIntents";
				PRODUCT_BUNDLE_IDENTIFIER = dev.kidmemory.desktop;
				PRODUCT_NAME = KidMemory;
				SWIFT_VERSION = 5.0;
			};
			name = Debug;
		};
		331C80E3294CF70F00263BE5 /* Release */ = {
			isa = XCBuildConfiguration;
			baseConfigurationReference = 331C80F5294CF70F00263BE5 /* Release.xcconfig */;
			buildSettings = {
				ALWAYS_SEARCH_USER_PATHS = NO;
				APP_SHORTCUTS_ENABLE_FLEXIBLE_MATCHING = NO;
				ASSETCATALOG_COMPILER_APPICON_NAME = AppIcon;
				CODE_SIGN_ENTITLEMENTS = Runner/Release.entitlements;
				ENABLE_APP_INTENTS_METADATA_GENERATION = NO;
				INFOPLIST_FILE = Runner/Info.plist;
				OTHER_LDFLAGS = "$(inherited) -weak_framework AppIntents";
				PRODUCT_BUNDLE_IDENTIFIER = dev.kidmemory.desktop;
				PRODUCT_NAME = KidMemory;
				SWIFT_VERSION = 5.0;
			};
			name = Release;
		};
/* End XCBuildConfiguration section */

/* Begin XCConfigurationList section */
		331C80D9294CF70F00263BE5 /* Build configuration list for PBXProject "Runner" */ = {
			isa = XCConfigurationList;
			buildConfigurations = (
				331C80DA294CF70F00263BE5 /* Debug */,
				331C80DB294CF70F00263BE5 /* Release */,
			);
			defaultConfigurationIsVisible = 0;
			defaultConfigurationName = Release;
		};
		331C80E1294CF70F00263BE5 /* Build configuration list for PBXNativeTarget "Runner" */ = {
			isa = XCConfigurationList;
			buildConfigurations = (
				331C80E2294CF70F00263BE5 /* Debug */,
				331C80E3294CF70F00263BE5 /* Release */,
			);
			defaultConfigurationIsVisible = 0;
			defaultConfigurationName = Release;
		};
		33CC111B2044C6BA0003C045 /* Build configuration list for PBXAggregateTarget "Flutter Assemble" */ = {
			isa = XCConfigurationList;
			buildConfigurations = (
				331C80DA294CF70F00263BE5 /* Debug */,
				331C80DB294CF70F00263BE5 /* Release */,
			);
			defaultConfigurationIsVisible = 0;
			defaultConfigurationName = Release;
		};
/* End XCConfigurationList section */
	};
	rootObject = 331C80D6294CF70F00263BE5 /* Project object */;
}
